{
  "name": "stencil-comp",
  "version": "0.0.1",
  "lockfileVersion": 3,
  "requires": true,
  "packages": {
    "": {
      "name": "stencil-comp",
      "version": "0.0.1",
      "license": "MIT",
      "devDependencies": {
        "@stencil-community/router": "^1.0.2",
        "@stencil/core": "^2.13.0"
      }
    },
    "node_modules/@stencil-community/router": {
      "version": "1.0.2",
      "resolved": "https://registry.npmjs.org/@stencil-community/router/-/router-1.0.2.tgz",
      "integrity": "sha512-GQkhcwDZdkX6k6rE/ZqrH2mbxGt9wPq0KGAdwPJOcZJbfq9cKaSMOuS7heDEBcWgXgxJS2rKqwUKyKTj41g9pA==",
      "dev": true,
      "dependencies": {
        "@stencil/state-tunnel": "^1.0.1"
      }
    },
    "node_modules/@stencil/core": {
      "version": "2.13.0",
      "resolved": "https://registry.npmjs.org/@stencil/core/-/core-2.13.0.tgz",
      "integrity": "sha512-EEKHOHgYpg3/iFUKMXTZJjUayRul7sXDwNw0OGgkEOe4t7JWiibDkzUHuruvpbqEydX+z1+ez5K2bMMY76c2wA==",
      "dev": true,
      "bin": {
        "stencil": "bin/stencil"
      },
      "engines": {
        "node": ">=12.10.0",
        "npm": ">=6.0.0"
      }
    },
    "node_modules/@stencil/state-tunnel": {
      "version": "1.0.1",
      "resolved": "https://registry.npmjs.org/@stencil/state-tunnel/-/state-tunnel-1.0.1.tgz",
      "integrity": "sha512-DYG8uROgL9hkjVTCtCfRBb0d3FwpiFB0muRrNZQ2X1Qo5hxMuNNji76/ILddqeq0AfgkKCW82xrMPDpy+rNIhQ==",
      "deprecated": "@stencil/state-tunnel is no longer supported",
      "dev": true
    }
  }
}
