{
  "name": "stencil-header-main",
  "version": "1.2.1",
  "lockfileVersion": 3,
  "requires": true,
  "packages": {
    "": {
      "name": "stencil-header-main",
      "version": "1.2.1",
      "license": "MIT",
      "devDependencies": {
        "@stencil/core": "^4.17.1"
      }
    },
    "node_modules/@stencil/core": {
      "version": "4.17.1",
      "resolved": "https://registry.npmjs.org/@stencil/core/-/core-4.17.1.tgz",
      "integrity": "sha512-nlARe1QtK5abnCG8kPQKJMWiELg39vKabvf3ebm6YEhQA35CgrxC1pVYTsYq3yktJKoY+k+VzGRnATLKyaLbvA==",
      "dev": true,
      "bin": {
        "stencil": "bin/stencil"
      },
      "engines": {
        "node": ">=16.0.0",
        "npm": ">=7.10.0"
      }
    }
  }
}
